
Microsoft Visual Studio Solution File, Format Version 12.00
# Visual Studio Version 17
VisualStudioVersion = 17.14.36414.22 d17.14
MinimumVisualStudioVersion = 10.0.40219.1
Project("{FAE04EC0-301F-11D3-BF4B-00C04F79EFBC}") = "BMI計算機_s1131547", "BMI計算機_s1131547\BMI計算機_s1131547.csproj", "{F44F5F4F-54EC-4E20-A735-EBAEDBE138C9}"
EndProject
Global
	GlobalSection(SolutionConfigurationPlatforms) = preSolution
		Debug|Any CPU = Debug|Any CPU
		Release|Any CPU = Release|Any CPU
	EndGlobalSection
	GlobalSection(ProjectConfigurationPlatforms) = postSolution
		{F44F5F4F-54EC-4E20-A735-EBAEDBE138C9}.Debug|Any CPU.ActiveCfg = Debug|Any CPU
		{F44F5F4F-54EC-4E20-A735-EBAEDBE138C9}.Debug|Any CPU.Build.0 = Debug|Any CPU
		{F44F5F4F-54EC-4E20-A735-EBAEDBE138C9}.Release|Any CPU.ActiveCfg = Release|Any CPU
		{F44F5F4F-54EC-4E20-A735-EBAEDBE138C9}.Release|Any CPU.Build.0 = Release|Any CPU
	EndGlobalSection
	GlobalSection(SolutionProperties) = preSolution
		HideSolutionNode = FALSE
	EndGlobalSection
	GlobalSection(ExtensibilityGlobals) = postSolution
		SolutionGuid = {8FBA76D0-3A12-46C3-B054-ECEEC80D3F5B}
	EndGlobalSection
EndGlobal
